{
  "name": "ac-2-kahek1814",
  "version": "1.0.0",
  "lockfileVersion": 3,
  "requires": true,
  "packages": {
    "": {
      "name": "ac-2-kahek1814",
      "version": "1.0.0",
      "license": "ISC",
      "dependencies": {
        "bootstrap-icons": "^1.13.1",
        "nodesass": "^0.0.2-security"
      }
    },
    "node_modules/bootstrap-icons": {
      "version": "1.13.1",
      "resolved": "https://registry.npmjs.org/bootstrap-icons/-/bootstrap-icons-1.13.1.tgz",
      "integrity": "sha512-ijombt4v6bv5CLeXvRWKy7CuM3TRTuPEuGaGKvTV5cz65rQSY8RQ2JcHt6b90cBBAC7s8fsf2EkQDldzCoXUjw==",
      "funding": [
        {
          "type": "github",
          "url": "https://github.com/sponsors/twbs"
        },
        {
          "type": "opencollective",
          "url": "https://opencollective.com/bootstrap"
        }
      ],
      "license": "MIT"
    },
    "node_modules/nodesass": {
      "version": "0.0.2-security",
      "resolved": "https://registry.npmjs.org/nodesass/-/nodesass-0.0.2-security.tgz",
      "integrity": "sha512-Jg/QXSON+BYEz8ve5lDv91FNcb0hNQIj8vUgPF0Gl2jjiNM1eNsdMKGg/IvdM6NVk05uGaioTupSGtF1CJqq2w=="
    }
  }
}
